
Microsoft Visual Studio Solution File, Format Version 12.00
# Visual Studio Version 16
VisualStudioVersion = 16.0.29306.81
MinimumVisualStudioVersion = 10.0.40219.1
Project("{FAE04EC0-301F-11D3-BF4B-00C04F79EFBC}") = "SharedCarLibClient", "SharedCarLibClient.csproj", "{4A1DBF75-F8EE-4618-ABAD-FB821D2E45BA}"
EndProject
Global
	GlobalSection(SolutionConfigurationPlatforms) = preSolution
		Debug|Any CPU = Debug|Any CPU
		Release|Any CPU = Release|Any CPU
	EndGlobalSection
	GlobalSection(ProjectConfigurationPlatforms) = postSolution
		{4A1DBF75-F8EE-4618-ABAD-FB821D2E45BA}.Debug|Any CPU.ActiveCfg = Debug|Any CPU
		{4A1DBF75-F8EE-4618-ABAD-FB821D2E45BA}.Debug|Any CPU.Build.0 = Debug|Any CPU
		{4A1DBF75-F8EE-4618-ABAD-FB821D2E45BA}.Release|Any CPU.ActiveCfg = Release|Any CPU
		{4A1DBF75-F8EE-4618-ABAD-FB821D2E45BA}.Release|Any CPU.Build.0 = Release|Any CPU
	EndGlobalSection
	GlobalSection(SolutionProperties) = preSolution
		HideSolutionNode = FALSE
	EndGlobalSection
	GlobalSection(ExtensibilityGlobals) = postSolution
		SolutionGuid = {9728A408-542D-480F-8563-76EDE104EA47}
	EndGlobalSection
EndGlobal
